
Microsoft Visual Studio Solution File, Format Version 12.00
# Visual Studio Version 17
VisualStudioVersion = 17.9.34902.65
MinimumVisualStudioVersion = 10.0.40219.1
Project("{9A19103F-16F7-4668-BE54-9A1E7A4F7556}") = "UtaubaseForTuneLab", "UtaubaseForTuneLab\UtaubaseForTuneLab.csproj", "{EEE3FE4E-33E9-47B4-9EE6-6A21BFF07BDB}"
EndProject
Project("{2150E333-8FDC-42A3-9474-1A3956D46DE8}") = "ExtensionPhonemizer", "ExtensionPhonemizer", "{2F22FC0C-77ED-4406-B988-BFD8D962D333}"
EndProject
Project("{2150E333-8FDC-42A3-9474-1A3956D46DE8}") = "OpenUtauPhonemizerAdapter", "OpenUtauPhonemizerAdapter", "{05D3BCF0-CEC7-4111-8C18-03CA41CD169A}"
EndProject
Project("{2150E333-8FDC-42A3-9474-1A3956D46DE8}") = "Debug&Gui", "Debug&Gui", "{6012F376-94EC-4E36-B3F4-266AE4E2C166}"
EndProject
Project("{2150E333-8FDC-42A3-9474-1A3956D46DE8}") = "Engines", "Engines", "{911A35AC-0B96-487A-9DD0-B376A5E177EA}"
EndProject
Project("{9A19103F-16F7-4668-BE54-9A1E7A4F7556}") = "SettingBuilder_win64", "SettingBuilder\Win64\SettingBuilder\SettingBuilder_win64.csproj", "{B9E7D9B1-7D30-42BC-A9FB-21649800A3A9}"
EndProject
Project("{9A19103F-16F7-4668-BE54-9A1E7A4F7556}") = "TLXPackageHelper", "SettingBuilder\Tools\TLXPackageHelper\TLXPackageHelper.csproj", "{460AFD8F-D205-4D6B-8E60-5C8602B9C9EF}"
EndProject
Project("{9A19103F-16F7-4668-BE54-9A1E7A4F7556}") = "ConsoleDebugAssert", "SettingBuilder\Tools\ConsoleDebugAssert\ConsoleDebugAssert.csproj", "{98958C9A-1DE7-4AE5-84A6-BDE5A7AB6B7F}"
EndProject
Project("{9A19103F-16F7-4668-BE54-9A1E7A4F7556}") = "OpenUtauPhonemeApi", "ChoristaUtau.Phonemizers\OpenUtau.PhonemeAdapter\OpenUtauPhonemeApi\OpenUtauPhonemeApi.csproj", "{4EF98D35-0CB1-4D36-9E5C-92FBBB858179}"
EndProject
Project("{9A19103F-16F7-4668-BE54-9A1E7A4F7556}") = "OpenUtauBuiltInPhonemizers", "ChoristaUtau.Phonemizers\OpenUtau.PhonemeAdapter\OpenUtauBuiltInPhonemizers\OpenUtauBuiltInPhonemizers.csproj", "{1A0B9764-C87B-4B22-A829-B0D57B8E8FD0}"
EndProject
Project("{9A19103F-16F7-4668-BE54-9A1E7A4F7556}") = "OpenUtauAdapter", "ChoristaUtau.Phonemizers\OpenUtau.PhonemeAdapter\OpenUtauAdapter\OpenUtauAdapter.csproj", "{92CB1B75-660F-41A8-B4B5-0354C8B63DF8}"
EndProject
Project("{9A19103F-16F7-4668-BE54-9A1E7A4F7556}") = "MocaloidSyllablePhonemizer", "ChoristaUtau.Phonemizers\OpenUtau.PhonemeAdapter\MocaloidSyllablePhonemizer\MocaloidSyllablePhonemizer.csproj", "{C7DE1445-1852-4F3D-BA8A-FA8594C3D5C3}"
EndProject
Project("{9A19103F-16F7-4668-BE54-9A1E7A4F7556}") = "ChoristaUtauApi", "ChoristaUtauApi\ChoristaUtauApi.csproj", "{DF51BA98-1C42-41DF-A6F6-DC91E96C57A7}"
EndProject
Project("{9A19103F-16F7-4668-BE54-9A1E7A4F7556}") = "ChoristaUtauLoader", "ChoristaUtauLoader\ChoristaUtauLoader.csproj", "{0AC533EA-9BA4-41FB-89B1-2CAF5CFFEFCE}"
EndProject
Project("{9A19103F-16F7-4668-BE54-9A1E7A4F7556}") = "UMoresamplerForTuneLab", "RenderEngines\UMoresamplerForTuneLab\UMoresamplerForTuneLab.csproj", "{1175F69A-09AB-4F15-84A4-0DBEBD7902AB}"
EndProject
Project("{9A19103F-16F7-4668-BE54-9A1E7A4F7556}") = "UDoppeltlerForTuneLab", "RenderEngines\UDoppeltlerForTuneLab\UDoppeltlerForTuneLab.csproj", "{4A2622BE-7265-4DAF-B9F0-F5EB7F69759C}"
EndProject
Global
	GlobalSection(SolutionConfigurationPlatforms) = preSolution
		Debug|Any CPU = Debug|Any CPU
		Debug|x64 = Debug|x64
		Release|Any CPU = Release|Any CPU
		Release|x64 = Release|x64
	EndGlobalSection
	GlobalSection(ProjectConfigurationPlatforms) = postSolution
		{EEE3FE4E-33E9-47B4-9EE6-6A21BFF07BDB}.Debug|Any CPU.ActiveCfg = Debug|x64
		{EEE3FE4E-33E9-47B4-9EE6-6A21BFF07BDB}.Debug|Any CPU.Build.0 = Debug|x64
		{EEE3FE4E-33E9-47B4-9EE6-6A21BFF07BDB}.Debug|x64.ActiveCfg = Debug|x64
		{EEE3FE4E-33E9-47B4-9EE6-6A21BFF07BDB}.Debug|x64.Build.0 = Debug|x64
		{EEE3FE4E-33E9-47B4-9EE6-6A21BFF07BDB}.Release|Any CPU.ActiveCfg = Release|Any CPU
		{EEE3FE4E-33E9-47B4-9EE6-6A21BFF07BDB}.Release|Any CPU.Build.0 = Release|Any CPU
		{EEE3FE4E-33E9-47B4-9EE6-6A21BFF07BDB}.Release|x64.ActiveCfg = Release|x64
		{EEE3FE4E-33E9-47B4-9EE6-6A21BFF07BDB}.Release|x64.Build.0 = Release|x64
		{B9E7D9B1-7D30-42BC-A9FB-21649800A3A9}.Debug|Any CPU.ActiveCfg = Debug|Any CPU
		{B9E7D9B1-7D30-42BC-A9FB-21649800A3A9}.Debug|Any CPU.Build.0 = Debug|Any CPU
		{B9E7D9B1-7D30-42BC-A9FB-21649800A3A9}.Debug|x64.ActiveCfg = Debug|Any CPU
		{B9E7D9B1-7D30-42BC-A9FB-21649800A3A9}.Debug|x64.Build.0 = Debug|Any CPU
		{B9E7D9B1-7D30-42BC-A9FB-21649800A3A9}.Release|Any CPU.ActiveCfg = Release|Any CPU
		{B9E7D9B1-7D30-42BC-A9FB-21649800A3A9}.Release|Any CPU.Build.0 = Release|Any CPU
		{B9E7D9B1-7D30-42BC-A9FB-21649800A3A9}.Release|x64.ActiveCfg = Release|Any CPU
		{B9E7D9B1-7D30-42BC-A9FB-21649800A3A9}.Release|x64.Build.0 = Release|Any CPU
		{460AFD8F-D205-4D6B-8E60-5C8602B9C9EF}.Debug|Any CPU.ActiveCfg = Debug|Any CPU
		{460AFD8F-D205-4D6B-8E60-5C8602B9C9EF}.Debug|Any CPU.Build.0 = Debug|Any CPU
		{460AFD8F-D205-4D6B-8E60-5C8602B9C9EF}.Debug|x64.ActiveCfg = Debug|Any CPU
		{460AFD8F-D205-4D6B-8E60-5C8602B9C9EF}.Debug|x64.Build.0 = Debug|Any CPU
		{460AFD8F-D205-4D6B-8E60-5C8602B9C9EF}.Release|Any CPU.ActiveCfg = Release|Any CPU
		{460AFD8F-D205-4D6B-8E60-5C8602B9C9EF}.Release|Any CPU.Build.0 = Release|Any CPU
		{460AFD8F-D205-4D6B-8E60-5C8602B9C9EF}.Release|x64.ActiveCfg = Release|Any CPU
		{460AFD8F-D205-4D6B-8E60-5C8602B9C9EF}.Release|x64.Build.0 = Release|Any CPU
		{98958C9A-1DE7-4AE5-84A6-BDE5A7AB6B7F}.Debug|Any CPU.ActiveCfg = Debug|Any CPU
		{98958C9A-1DE7-4AE5-84A6-BDE5A7AB6B7F}.Debug|Any CPU.Build.0 = Debug|Any CPU
		{98958C9A-1DE7-4AE5-84A6-BDE5A7AB6B7F}.Debug|x64.ActiveCfg = Debug|Any CPU
		{98958C9A-1DE7-4AE5-84A6-BDE5A7AB6B7F}.Debug|x64.Build.0 = Debug|Any CPU
		{98958C9A-1DE7-4AE5-84A6-BDE5A7AB6B7F}.Release|Any CPU.ActiveCfg = Release|Any CPU
		{98958C9A-1DE7-4AE5-84A6-BDE5A7AB6B7F}.Release|Any CPU.Build.0 = Release|Any CPU
		{98958C9A-1DE7-4AE5-84A6-BDE5A7AB6B7F}.Release|x64.ActiveCfg = Release|Any CPU
		{98958C9A-1DE7-4AE5-84A6-BDE5A7AB6B7F}.Release|x64.Build.0 = Release|Any CPU
		{4EF98D35-0CB1-4D36-9E5C-92FBBB858179}.Debug|Any CPU.ActiveCfg = Debug|Any CPU
		{4EF98D35-0CB1-4D36-9E5C-92FBBB858179}.Debug|Any CPU.Build.0 = Debug|Any CPU
		{4EF98D35-0CB1-4D36-9E5C-92FBBB858179}.Debug|x64.ActiveCfg = Debug|x64
		{4EF98D35-0CB1-4D36-9E5C-92FBBB858179}.Debug|x64.Build.0 = Debug|x64
		{4EF98D35-0CB1-4D36-9E5C-92FBBB858179}.Release|Any CPU.ActiveCfg = Release|Any CPU
		{4EF98D35-0CB1-4D36-9E5C-92FBBB858179}.Release|Any CPU.Build.0 = Release|Any CPU
		{4EF98D35-0CB1-4D36-9E5C-92FBBB858179}.Release|x64.ActiveCfg = Release|x64
		{4EF98D35-0CB1-4D36-9E5C-92FBBB858179}.Release|x64.Build.0 = Release|x64
		{1A0B9764-C87B-4B22-A829-B0D57B8E8FD0}.Debug|Any CPU.ActiveCfg = Debug|Any CPU
		{1A0B9764-C87B-4B22-A829-B0D57B8E8FD0}.Debug|Any CPU.Build.0 = Debug|Any CPU
		{1A0B9764-C87B-4B22-A829-B0D57B8E8FD0}.Debug|x64.ActiveCfg = Debug|x64
		{1A0B9764-C87B-4B22-A829-B0D57B8E8FD0}.Debug|x64.Build.0 = Debug|x64
		{1A0B9764-C87B-4B22-A829-B0D57B8E8FD0}.Release|Any CPU.ActiveCfg = Release|Any CPU
		{1A0B9764-C87B-4B22-A829-B0D57B8E8FD0}.Release|Any CPU.Build.0 = Release|Any CPU
		{1A0B9764-C87B-4B22-A829-B0D57B8E8FD0}.Release|x64.ActiveCfg = Release|x64
		{1A0B9764-C87B-4B22-A829-B0D57B8E8FD0}.Release|x64.Build.0 = Release|x64
		{92CB1B75-660F-41A8-B4B5-0354C8B63DF8}.Debug|Any CPU.ActiveCfg = Debug|Any CPU
		{92CB1B75-660F-41A8-B4B5-0354C8B63DF8}.Debug|Any CPU.Build.0 = Debug|Any CPU
		{92CB1B75-660F-41A8-B4B5-0354C8B63DF8}.Debug|x64.ActiveCfg = Debug|x64
		{92CB1B75-660F-41A8-B4B5-0354C8B63DF8}.Debug|x64.Build.0 = Debug|x64
		{92CB1B75-660F-41A8-B4B5-0354C8B63DF8}.Release|Any CPU.ActiveCfg = Release|Any CPU
		{92CB1B75-660F-41A8-B4B5-0354C8B63DF8}.Release|Any CPU.Build.0 = Release|Any CPU
		{92CB1B75-660F-41A8-B4B5-0354C8B63DF8}.Release|x64.ActiveCfg = Release|x64
		{92CB1B75-660F-41A8-B4B5-0354C8B63DF8}.Release|x64.Build.0 = Release|x64
		{C7DE1445-1852-4F3D-BA8A-FA8594C3D5C3}.Debug|Any CPU.ActiveCfg = Debug|Any CPU
		{C7DE1445-1852-4F3D-BA8A-FA8594C3D5C3}.Debug|Any CPU.Build.0 = Debug|Any CPU
		{C7DE1445-1852-4F3D-BA8A-FA8594C3D5C3}.Debug|x64.ActiveCfg = Debug|x64
		{C7DE1445-1852-4F3D-BA8A-FA8594C3D5C3}.Debug|x64.Build.0 = Debug|x64
		{C7DE1445-1852-4F3D-BA8A-FA8594C3D5C3}.Release|Any CPU.ActiveCfg = Release|Any CPU
		{C7DE1445-1852-4F3D-BA8A-FA8594C3D5C3}.Release|Any CPU.Build.0 = Release|Any CPU
		{C7DE1445-1852-4F3D-BA8A-FA8594C3D5C3}.Release|x64.ActiveCfg = Release|x64
		{C7DE1445-1852-4F3D-BA8A-FA8594C3D5C3}.Release|x64.Build.0 = Release|x64
		{DF51BA98-1C42-41DF-A6F6-DC91E96C57A7}.Debug|Any CPU.ActiveCfg = Debug|Any CPU
		{DF51BA98-1C42-41DF-A6F6-DC91E96C57A7}.Debug|Any CPU.Build.0 = Debug|Any CPU
		{DF51BA98-1C42-41DF-A6F6-DC91E96C57A7}.Debug|x64.ActiveCfg = Debug|x64
		{DF51BA98-1C42-41DF-A6F6-DC91E96C57A7}.Debug|x64.Build.0 = Debug|x64
		{DF51BA98-1C42-41DF-A6F6-DC91E96C57A7}.Release|Any CPU.ActiveCfg = Release|Any CPU
		{DF51BA98-1C42-41DF-A6F6-DC91E96C57A7}.Release|Any CPU.Build.0 = Release|Any CPU
		{DF51BA98-1C42-41DF-A6F6-DC91E96C57A7}.Release|x64.ActiveCfg = Release|x64
		{DF51BA98-1C42-41DF-A6F6-DC91E96C57A7}.Release|x64.Build.0 = Release|x64
		{0AC533EA-9BA4-41FB-89B1-2CAF5CFFEFCE}.Debug|Any CPU.ActiveCfg = Debug|Any CPU
		{0AC533EA-9BA4-41FB-89B1-2CAF5CFFEFCE}.Debug|Any CPU.Build.0 = Debug|Any CPU
		{0AC533EA-9BA4-41FB-89B1-2CAF5CFFEFCE}.Debug|x64.ActiveCfg = Debug|Any CPU
		{0AC533EA-9BA4-41FB-89B1-2CAF5CFFEFCE}.Debug|x64.Build.0 = Debug|Any CPU
		{0AC533EA-9BA4-41FB-89B1-2CAF5CFFEFCE}.Release|Any CPU.ActiveCfg = Release|Any CPU
		{0AC533EA-9BA4-41FB-89B1-2CAF5CFFEFCE}.Release|Any CPU.Build.0 = Release|Any CPU
		{0AC533EA-9BA4-41FB-89B1-2CAF5CFFEFCE}.Release|x64.ActiveCfg = Release|Any CPU
		{0AC533EA-9BA4-41FB-89B1-2CAF5CFFEFCE}.Release|x64.Build.0 = Release|Any CPU
		{1175F69A-09AB-4F15-84A4-0DBEBD7902AB}.Debug|Any CPU.ActiveCfg = Debug|Any CPU
		{1175F69A-09AB-4F15-84A4-0DBEBD7902AB}.Debug|Any CPU.Build.0 = Debug|Any CPU
		{1175F69A-09AB-4F15-84A4-0DBEBD7902AB}.Debug|x64.ActiveCfg = Debug|x64
		{1175F69A-09AB-4F15-84A4-0DBEBD7902AB}.Debug|x64.Build.0 = Debug|x64
		{1175F69A-09AB-4F15-84A4-0DBEBD7902AB}.Release|Any CPU.ActiveCfg = Release|Any CPU
		{1175F69A-09AB-4F15-84A4-0DBEBD7902AB}.Release|Any CPU.Build.0 = Release|Any CPU
		{1175F69A-09AB-4F15-84A4-0DBEBD7902AB}.Release|x64.ActiveCfg = Release|x64
		{1175F69A-09AB-4F15-84A4-0DBEBD7902AB}.Release|x64.Build.0 = Release|x64
		{4A2622BE-7265-4DAF-B9F0-F5EB7F69759C}.Debug|Any CPU.ActiveCfg = Debug|Any CPU
		{4A2622BE-7265-4DAF-B9F0-F5EB7F69759C}.Debug|Any CPU.Build.0 = Debug|Any CPU
		{4A2622BE-7265-4DAF-B9F0-F5EB7F69759C}.Debug|x64.ActiveCfg = Debug|x64
		{4A2622BE-7265-4DAF-B9F0-F5EB7F69759C}.Debug|x64.Build.0 = Debug|x64
		{4A2622BE-7265-4DAF-B9F0-F5EB7F69759C}.Release|Any CPU.ActiveCfg = Release|Any CPU
		{4A2622BE-7265-4DAF-B9F0-F5EB7F69759C}.Release|Any CPU.Build.0 = Release|Any CPU
		{4A2622BE-7265-4DAF-B9F0-F5EB7F69759C}.Release|x64.ActiveCfg = Release|x64
		{4A2622BE-7265-4DAF-B9F0-F5EB7F69759C}.Release|x64.Build.0 = Release|x64
	EndGlobalSection
	GlobalSection(SolutionProperties) = preSolution
		HideSolutionNode = FALSE
	EndGlobalSection
	GlobalSection(NestedProjects) = preSolution
		{05D3BCF0-CEC7-4111-8C18-03CA41CD169A} = {2F22FC0C-77ED-4406-B988-BFD8D962D333}
		{B9E7D9B1-7D30-42BC-A9FB-21649800A3A9} = {6012F376-94EC-4E36-B3F4-266AE4E2C166}
		{460AFD8F-D205-4D6B-8E60-5C8602B9C9EF} = {6012F376-94EC-4E36-B3F4-266AE4E2C166}
		{98958C9A-1DE7-4AE5-84A6-BDE5A7AB6B7F} = {6012F376-94EC-4E36-B3F4-266AE4E2C166}
		{4EF98D35-0CB1-4D36-9E5C-92FBBB858179} = {05D3BCF0-CEC7-4111-8C18-03CA41CD169A}
		{1A0B9764-C87B-4B22-A829-B0D57B8E8FD0} = {05D3BCF0-CEC7-4111-8C18-03CA41CD169A}
		{92CB1B75-660F-41A8-B4B5-0354C8B63DF8} = {05D3BCF0-CEC7-4111-8C18-03CA41CD169A}
		{C7DE1445-1852-4F3D-BA8A-FA8594C3D5C3} = {05D3BCF0-CEC7-4111-8C18-03CA41CD169A}
		{1175F69A-09AB-4F15-84A4-0DBEBD7902AB} = {911A35AC-0B96-487A-9DD0-B376A5E177EA}
		{4A2622BE-7265-4DAF-B9F0-F5EB7F69759C} = {911A35AC-0B96-487A-9DD0-B376A5E177EA}
	EndGlobalSection
	GlobalSection(ExtensibilityGlobals) = postSolution
		SolutionGuid = {6E79ACF5-4090-4B56-8045-BA7B6572C07D}
	EndGlobalSection
EndGlobal
