
Microsoft Visual Studio Solution File, Format Version 12.00
# Visual Studio Version 17
VisualStudioVersion = 17.9.34902.65
MinimumVisualStudioVersion = 10.0.40219.1
Project("{9A19103F-16F7-4668-BE54-9A1E7A4F7556}") = "UMoresamplerForTuneLab", "UMoresamplerForTuneLab.csproj", "{9F462D86-8617-42AD-BCFB-22F6918031E4}"
	ProjectSection(ProjectDependencies) = postProject
		{0C8C94CB-F74D-42EA-BFE4-1B5AD1E0BA9C} = {0C8C94CB-F74D-42EA-BFE4-1B5AD1E0BA9C}
		{734E8B6D-BCE5-4564-8CA8-A9C2014B0BFC} = {734E8B6D-BCE5-4564-8CA8-A9C2014B0BFC}
	EndProjectSection
EndProject
Project("{9A19103F-16F7-4668-BE54-9A1E7A4F7556}") = "UtaubaseForTuneLab", "..\UtaubaseForTuneLab\UtaubaseForTuneLab.csproj", "{EEE3FE4E-33E9-47B4-9EE6-6A21BFF07BDB}"
EndProject
Project("{9A19103F-16F7-4668-BE54-9A1E7A4F7556}") = "ChoristaUtauApi", "..\ChoristaUtauApi\ChoristaUtauApi.csproj", "{14234800-D625-4F6C-A294-88E893A5D927}"
EndProject
Project("{9A19103F-16F7-4668-BE54-9A1E7A4F7556}") = "TuneLab.Extensions.Voices", "..\..\..\TuneLab.Extensions.Voices\TuneLab.Extensions.Voices.csproj", "{53186A34-0C53-49F3-B916-DE6FBBDBEFF9}"
EndProject
Project("{9A19103F-16F7-4668-BE54-9A1E7A4F7556}") = "TuneLab.Base", "..\..\..\TuneLab.Base\TuneLab.Base.csproj", "{4AB8A94F-9D8A-46A7-922C-52E6EF3ECD71}"
EndProject
Project("{9A19103F-16F7-4668-BE54-9A1E7A4F7556}") = "ConsoleDebugAssert", "..\ConsoleDebugAssert\ConsoleDebugAssert.csproj", "{23BFD37F-7195-4A2F-A653-53514DBECFA7}"
EndProject
Project("{2150E333-8FDC-42A3-9474-1A3956D46DE8}") = "ExtensionPhonemizer", "ExtensionPhonemizer", "{2F22FC0C-77ED-4406-B988-BFD8D962D333}"
EndProject
Project("{2150E333-8FDC-42A3-9474-1A3956D46DE8}") = "OpenUtauPhonemizerAdapter", "OpenUtauPhonemizerAdapter", "{05D3BCF0-CEC7-4111-8C18-03CA41CD169A}"
EndProject
Project("{9A19103F-16F7-4668-BE54-9A1E7A4F7556}") = "OpenUtauPhonemeApi", "..\ChoristaUtau.Phonemizers\OpenUtau.PhonemeAdapter\OpenUtauPhonemeApi\OpenUtauPhonemeApi.csproj", "{65AFA0FD-4EC1-4ED7-BE4E-68ED2D7DC76B}"
EndProject
Project("{9A19103F-16F7-4668-BE54-9A1E7A4F7556}") = "OpenUtauAdapter", "..\ChoristaUtau.Phonemizers\OpenUtau.PhonemeAdapter\OpenUtauAdapter\OpenUtauAdapter.csproj", "{F374A042-9295-446C-8FAE-F72956C9A473}"
EndProject
Project("{9A19103F-16F7-4668-BE54-9A1E7A4F7556}") = "OpenUtauBuiltInPhonemizers", "..\ChoristaUtau.Phonemizers\OpenUtau.PhonemeAdapter\OpenUtauBuiltInPhonemizers\OpenUtauBuiltInPhonemizers.csproj", "{0C8C94CB-F74D-42EA-BFE4-1B5AD1E0BA9C}"
EndProject
Project("{9A19103F-16F7-4668-BE54-9A1E7A4F7556}") = "MocaloidSyllablePhonemizer", "..\ChoristaUtau.Phonemizers\OpenUtau.PhonemeAdapter\MocaloidSyllablePhonemizer\MocaloidSyllablePhonemizer.csproj", "{734E8B6D-BCE5-4564-8CA8-A9C2014B0BFC}"
EndProject
Project("{2150E333-8FDC-42A3-9474-1A3956D46DE8}") = "Debug&Gui", "Debug&Gui", "{6012F376-94EC-4E36-B3F4-266AE4E2C166}"
EndProject
Project("{2150E333-8FDC-42A3-9474-1A3956D46DE8}") = "TLXPackager", "TLXPackager", "{514FAC7B-FBBF-43D7-AF39-F9F029D37069}"
EndProject
Project("{9A19103F-16F7-4668-BE54-9A1E7A4F7556}") = "TLXPackageHelper", "..\TLXPackageHelper\TLXPackageHelper.csproj", "{D487C77F-A1B5-4C59-90AC-9BFF43550920}"
EndProject
Global
	GlobalSection(SolutionConfigurationPlatforms) = preSolution
		Debug|Any CPU = Debug|Any CPU
		Debug|x64 = Debug|x64
		Release|Any CPU = Release|Any CPU
		Release|x64 = Release|x64
	EndGlobalSection
	GlobalSection(ProjectConfigurationPlatforms) = postSolution
		{9F462D86-8617-42AD-BCFB-22F6918031E4}.Debug|Any CPU.ActiveCfg = Debug|x64
		{9F462D86-8617-42AD-BCFB-22F6918031E4}.Debug|Any CPU.Build.0 = Debug|x64
		{9F462D86-8617-42AD-BCFB-22F6918031E4}.Debug|x64.ActiveCfg = Debug|x64
		{9F462D86-8617-42AD-BCFB-22F6918031E4}.Debug|x64.Build.0 = Debug|x64
		{9F462D86-8617-42AD-BCFB-22F6918031E4}.Release|Any CPU.ActiveCfg = Release|Any CPU
		{9F462D86-8617-42AD-BCFB-22F6918031E4}.Release|Any CPU.Build.0 = Release|Any CPU
		{9F462D86-8617-42AD-BCFB-22F6918031E4}.Release|x64.ActiveCfg = Release|x64
		{9F462D86-8617-42AD-BCFB-22F6918031E4}.Release|x64.Build.0 = Release|x64
		{EEE3FE4E-33E9-47B4-9EE6-6A21BFF07BDB}.Debug|Any CPU.ActiveCfg = Debug|x64
		{EEE3FE4E-33E9-47B4-9EE6-6A21BFF07BDB}.Debug|Any CPU.Build.0 = Debug|x64
		{EEE3FE4E-33E9-47B4-9EE6-6A21BFF07BDB}.Debug|x64.ActiveCfg = Debug|x64
		{EEE3FE4E-33E9-47B4-9EE6-6A21BFF07BDB}.Debug|x64.Build.0 = Debug|x64
		{EEE3FE4E-33E9-47B4-9EE6-6A21BFF07BDB}.Release|Any CPU.ActiveCfg = Release|Any CPU
		{EEE3FE4E-33E9-47B4-9EE6-6A21BFF07BDB}.Release|Any CPU.Build.0 = Release|Any CPU
		{EEE3FE4E-33E9-47B4-9EE6-6A21BFF07BDB}.Release|x64.ActiveCfg = Release|x64
		{EEE3FE4E-33E9-47B4-9EE6-6A21BFF07BDB}.Release|x64.Build.0 = Release|x64
		{14234800-D625-4F6C-A294-88E893A5D927}.Debug|Any CPU.ActiveCfg = Debug|x64
		{14234800-D625-4F6C-A294-88E893A5D927}.Debug|Any CPU.Build.0 = Debug|x64
		{14234800-D625-4F6C-A294-88E893A5D927}.Debug|x64.ActiveCfg = Debug|x64
		{14234800-D625-4F6C-A294-88E893A5D927}.Debug|x64.Build.0 = Debug|x64
		{14234800-D625-4F6C-A294-88E893A5D927}.Release|Any CPU.ActiveCfg = Release|Any CPU
		{14234800-D625-4F6C-A294-88E893A5D927}.Release|Any CPU.Build.0 = Release|Any CPU
		{14234800-D625-4F6C-A294-88E893A5D927}.Release|x64.ActiveCfg = Release|x64
		{14234800-D625-4F6C-A294-88E893A5D927}.Release|x64.Build.0 = Release|x64
		{53186A34-0C53-49F3-B916-DE6FBBDBEFF9}.Debug|Any CPU.ActiveCfg = Debug|Any CPU
		{53186A34-0C53-49F3-B916-DE6FBBDBEFF9}.Debug|Any CPU.Build.0 = Debug|Any CPU
		{53186A34-0C53-49F3-B916-DE6FBBDBEFF9}.Debug|x64.ActiveCfg = Debug|Any CPU
		{53186A34-0C53-49F3-B916-DE6FBBDBEFF9}.Debug|x64.Build.0 = Debug|Any CPU
		{53186A34-0C53-49F3-B916-DE6FBBDBEFF9}.Release|Any CPU.ActiveCfg = Release|Any CPU
		{53186A34-0C53-49F3-B916-DE6FBBDBEFF9}.Release|Any CPU.Build.0 = Release|Any CPU
		{53186A34-0C53-49F3-B916-DE6FBBDBEFF9}.Release|x64.ActiveCfg = Release|Any CPU
		{53186A34-0C53-49F3-B916-DE6FBBDBEFF9}.Release|x64.Build.0 = Release|Any CPU
		{4AB8A94F-9D8A-46A7-922C-52E6EF3ECD71}.Debug|Any CPU.ActiveCfg = Debug|Any CPU
		{4AB8A94F-9D8A-46A7-922C-52E6EF3ECD71}.Debug|Any CPU.Build.0 = Debug|Any CPU
		{4AB8A94F-9D8A-46A7-922C-52E6EF3ECD71}.Debug|x64.ActiveCfg = Debug|Any CPU
		{4AB8A94F-9D8A-46A7-922C-52E6EF3ECD71}.Debug|x64.Build.0 = Debug|Any CPU
		{4AB8A94F-9D8A-46A7-922C-52E6EF3ECD71}.Release|Any CPU.ActiveCfg = Release|Any CPU
		{4AB8A94F-9D8A-46A7-922C-52E6EF3ECD71}.Release|Any CPU.Build.0 = Release|Any CPU
		{4AB8A94F-9D8A-46A7-922C-52E6EF3ECD71}.Release|x64.ActiveCfg = Release|Any CPU
		{4AB8A94F-9D8A-46A7-922C-52E6EF3ECD71}.Release|x64.Build.0 = Release|Any CPU
		{23BFD37F-7195-4A2F-A653-53514DBECFA7}.Debug|Any CPU.ActiveCfg = Debug|Any CPU
		{23BFD37F-7195-4A2F-A653-53514DBECFA7}.Debug|Any CPU.Build.0 = Debug|Any CPU
		{23BFD37F-7195-4A2F-A653-53514DBECFA7}.Debug|x64.ActiveCfg = Debug|Any CPU
		{23BFD37F-7195-4A2F-A653-53514DBECFA7}.Debug|x64.Build.0 = Debug|Any CPU
		{23BFD37F-7195-4A2F-A653-53514DBECFA7}.Release|Any CPU.ActiveCfg = Release|Any CPU
		{23BFD37F-7195-4A2F-A653-53514DBECFA7}.Release|Any CPU.Build.0 = Release|Any CPU
		{23BFD37F-7195-4A2F-A653-53514DBECFA7}.Release|x64.ActiveCfg = Release|Any CPU
		{23BFD37F-7195-4A2F-A653-53514DBECFA7}.Release|x64.Build.0 = Release|Any CPU
		{65AFA0FD-4EC1-4ED7-BE4E-68ED2D7DC76B}.Debug|Any CPU.ActiveCfg = Debug|x64
		{65AFA0FD-4EC1-4ED7-BE4E-68ED2D7DC76B}.Debug|Any CPU.Build.0 = Debug|x64
		{65AFA0FD-4EC1-4ED7-BE4E-68ED2D7DC76B}.Debug|x64.ActiveCfg = Debug|x64
		{65AFA0FD-4EC1-4ED7-BE4E-68ED2D7DC76B}.Debug|x64.Build.0 = Debug|x64
		{65AFA0FD-4EC1-4ED7-BE4E-68ED2D7DC76B}.Release|Any CPU.ActiveCfg = Release|Any CPU
		{65AFA0FD-4EC1-4ED7-BE4E-68ED2D7DC76B}.Release|Any CPU.Build.0 = Release|Any CPU
		{65AFA0FD-4EC1-4ED7-BE4E-68ED2D7DC76B}.Release|x64.ActiveCfg = Release|x64
		{65AFA0FD-4EC1-4ED7-BE4E-68ED2D7DC76B}.Release|x64.Build.0 = Release|x64
		{F374A042-9295-446C-8FAE-F72956C9A473}.Debug|Any CPU.ActiveCfg = Debug|x64
		{F374A042-9295-446C-8FAE-F72956C9A473}.Debug|Any CPU.Build.0 = Debug|x64
		{F374A042-9295-446C-8FAE-F72956C9A473}.Debug|x64.ActiveCfg = Debug|x64
		{F374A042-9295-446C-8FAE-F72956C9A473}.Debug|x64.Build.0 = Debug|x64
		{F374A042-9295-446C-8FAE-F72956C9A473}.Release|Any CPU.ActiveCfg = Release|Any CPU
		{F374A042-9295-446C-8FAE-F72956C9A473}.Release|Any CPU.Build.0 = Release|Any CPU
		{F374A042-9295-446C-8FAE-F72956C9A473}.Release|x64.ActiveCfg = Release|x64
		{F374A042-9295-446C-8FAE-F72956C9A473}.Release|x64.Build.0 = Release|x64
		{0C8C94CB-F74D-42EA-BFE4-1B5AD1E0BA9C}.Debug|Any CPU.ActiveCfg = Debug|x64
		{0C8C94CB-F74D-42EA-BFE4-1B5AD1E0BA9C}.Debug|Any CPU.Build.0 = Debug|x64
		{0C8C94CB-F74D-42EA-BFE4-1B5AD1E0BA9C}.Debug|x64.ActiveCfg = Debug|x64
		{0C8C94CB-F74D-42EA-BFE4-1B5AD1E0BA9C}.Debug|x64.Build.0 = Debug|x64
		{0C8C94CB-F74D-42EA-BFE4-1B5AD1E0BA9C}.Release|Any CPU.ActiveCfg = Release|Any CPU
		{0C8C94CB-F74D-42EA-BFE4-1B5AD1E0BA9C}.Release|Any CPU.Build.0 = Release|Any CPU
		{0C8C94CB-F74D-42EA-BFE4-1B5AD1E0BA9C}.Release|x64.ActiveCfg = Release|x64
		{0C8C94CB-F74D-42EA-BFE4-1B5AD1E0BA9C}.Release|x64.Build.0 = Release|x64
		{734E8B6D-BCE5-4564-8CA8-A9C2014B0BFC}.Debug|Any CPU.ActiveCfg = Debug|Any CPU
		{734E8B6D-BCE5-4564-8CA8-A9C2014B0BFC}.Debug|Any CPU.Build.0 = Debug|Any CPU
		{734E8B6D-BCE5-4564-8CA8-A9C2014B0BFC}.Debug|x64.ActiveCfg = Debug|x64
		{734E8B6D-BCE5-4564-8CA8-A9C2014B0BFC}.Debug|x64.Build.0 = Debug|x64
		{734E8B6D-BCE5-4564-8CA8-A9C2014B0BFC}.Release|Any CPU.ActiveCfg = Release|Any CPU
		{734E8B6D-BCE5-4564-8CA8-A9C2014B0BFC}.Release|Any CPU.Build.0 = Release|Any CPU
		{734E8B6D-BCE5-4564-8CA8-A9C2014B0BFC}.Release|x64.ActiveCfg = Release|x64
		{734E8B6D-BCE5-4564-8CA8-A9C2014B0BFC}.Release|x64.Build.0 = Release|x64
		{D487C77F-A1B5-4C59-90AC-9BFF43550920}.Debug|Any CPU.ActiveCfg = Debug|Any CPU
		{D487C77F-A1B5-4C59-90AC-9BFF43550920}.Debug|Any CPU.Build.0 = Debug|Any CPU
		{D487C77F-A1B5-4C59-90AC-9BFF43550920}.Debug|x64.ActiveCfg = Debug|Any CPU
		{D487C77F-A1B5-4C59-90AC-9BFF43550920}.Debug|x64.Build.0 = Debug|Any CPU
		{D487C77F-A1B5-4C59-90AC-9BFF43550920}.Release|Any CPU.ActiveCfg = Release|Any CPU
		{D487C77F-A1B5-4C59-90AC-9BFF43550920}.Release|Any CPU.Build.0 = Release|Any CPU
		{D487C77F-A1B5-4C59-90AC-9BFF43550920}.Release|x64.ActiveCfg = Release|Any CPU
		{D487C77F-A1B5-4C59-90AC-9BFF43550920}.Release|x64.Build.0 = Release|Any CPU
	EndGlobalSection
	GlobalSection(SolutionProperties) = preSolution
		HideSolutionNode = FALSE
	EndGlobalSection
	GlobalSection(NestedProjects) = preSolution
		{23BFD37F-7195-4A2F-A653-53514DBECFA7} = {6012F376-94EC-4E36-B3F4-266AE4E2C166}
		{05D3BCF0-CEC7-4111-8C18-03CA41CD169A} = {2F22FC0C-77ED-4406-B988-BFD8D962D333}
		{65AFA0FD-4EC1-4ED7-BE4E-68ED2D7DC76B} = {05D3BCF0-CEC7-4111-8C18-03CA41CD169A}
		{F374A042-9295-446C-8FAE-F72956C9A473} = {05D3BCF0-CEC7-4111-8C18-03CA41CD169A}
		{0C8C94CB-F74D-42EA-BFE4-1B5AD1E0BA9C} = {05D3BCF0-CEC7-4111-8C18-03CA41CD169A}
		{734E8B6D-BCE5-4564-8CA8-A9C2014B0BFC} = {05D3BCF0-CEC7-4111-8C18-03CA41CD169A}
		{D487C77F-A1B5-4C59-90AC-9BFF43550920} = {514FAC7B-FBBF-43D7-AF39-F9F029D37069}
	EndGlobalSection
	GlobalSection(ExtensibilityGlobals) = postSolution
		SolutionGuid = {6E79ACF5-4090-4B56-8045-BA7B6572C07D}
	EndGlobalSection
EndGlobal
