
Microsoft Visual Studio Solution File, Format Version 12.00
# Visual Studio Version 17
VisualStudioVersion = 17.9.34902.65
MinimumVisualStudioVersion = 10.0.40219.1
Project("{9A19103F-16F7-4668-BE54-9A1E7A4F7556}") = "ChoristaUtau.SettingUI", "Loader\ChoristaUtau.SettingUI.csproj", "{DA5B6D45-FEA3-4BEE-AE6D-AE83BFA506FE}"
EndProject
Project("{9A19103F-16F7-4668-BE54-9A1E7A4F7556}") = "ChoristaUtau.SettingUI.Kernel", "Kernel\ChoristaUtau.SettingUI.Kernel.csproj", "{7581FF09-E78D-494F-944E-233C78379E8D}"
EndProject
Project("{FAE04EC0-301F-11D3-BF4B-00C04F79EFBC}") = "zpixFont", "zpixFont\zpixFont.csproj", "{88F1E6DC-E58D-4462-8585-1C873C38818A}"
EndProject
Global
	GlobalSection(SolutionConfigurationPlatforms) = preSolution
		Debug|Any CPU = Debug|Any CPU
		Release|Any CPU = Release|Any CPU
	EndGlobalSection
	GlobalSection(ProjectConfigurationPlatforms) = postSolution
		{DA5B6D45-FEA3-4BEE-AE6D-AE83BFA506FE}.Debug|Any CPU.ActiveCfg = Debug|Any CPU
		{DA5B6D45-FEA3-4BEE-AE6D-AE83BFA506FE}.Debug|Any CPU.Build.0 = Debug|Any CPU
		{DA5B6D45-FEA3-4BEE-AE6D-AE83BFA506FE}.Release|Any CPU.ActiveCfg = Release|Any CPU
		{DA5B6D45-FEA3-4BEE-AE6D-AE83BFA506FE}.Release|Any CPU.Build.0 = Release|Any CPU
		{7581FF09-E78D-494F-944E-233C78379E8D}.Debug|Any CPU.ActiveCfg = Debug|Any CPU
		{7581FF09-E78D-494F-944E-233C78379E8D}.Debug|Any CPU.Build.0 = Debug|Any CPU
		{7581FF09-E78D-494F-944E-233C78379E8D}.Release|Any CPU.ActiveCfg = Release|Any CPU
		{7581FF09-E78D-494F-944E-233C78379E8D}.Release|Any CPU.Build.0 = Release|Any CPU
		{88F1E6DC-E58D-4462-8585-1C873C38818A}.Debug|Any CPU.ActiveCfg = Debug|Any CPU
		{88F1E6DC-E58D-4462-8585-1C873C38818A}.Debug|Any CPU.Build.0 = Debug|Any CPU
		{88F1E6DC-E58D-4462-8585-1C873C38818A}.Release|Any CPU.ActiveCfg = Release|Any CPU
		{88F1E6DC-E58D-4462-8585-1C873C38818A}.Release|Any CPU.Build.0 = Release|Any CPU
	EndGlobalSection
	GlobalSection(SolutionProperties) = preSolution
		HideSolutionNode = FALSE
	EndGlobalSection
	GlobalSection(ExtensibilityGlobals) = postSolution
		SolutionGuid = {73B854C5-887D-47CA-ADBE-33C5755D2189}
	EndGlobalSection
EndGlobal
